
Microsoft Visual Studio Solution File, Format Version 12.00
Project("{FAE04EC0-301F-11D3-BF4B-00C04F79EFBC}") = "Primitivo", "src\Primitivo\Primitivo.csproj", "{647F5BC3-5EA5-4E67-8CAA-E8E3FC682BA6}"
EndProject
Global
	GlobalSection(SolutionConfigurationPlatforms) = preSolution
		Debug|Any CPU = Debug|Any CPU
		Release|Any CPU = Release|Any CPU
	EndGlobalSection
	GlobalSection(ProjectConfigurationPlatforms) = postSolution
		{647F5BC3-5EA5-4E67-8CAA-E8E3FC682BA6}.Debug|Any CPU.ActiveCfg = Debug|Any CPU
		{647F5BC3-5EA5-4E67-8CAA-E8E3FC682BA6}.Debug|Any CPU.Build.0 = Debug|Any CPU
		{647F5BC3-5EA5-4E67-8CAA-E8E3FC682BA6}.Release|Any CPU.ActiveCfg = Release|Any CPU
		{647F5BC3-5EA5-4E67-8CAA-E8E3FC682BA6}.Release|Any CPU.Build.0 = Release|Any CPU
	EndGlobalSection
EndGlobal
